// !$*UTF8*$!
{
	archiveVersion = 1;
	classes = {
	};
	objectVersion = 50;
	objects = {

/* Begin PBXBuildFile section */
		AA829FB3217F12A9007F889A /* AppDelegate.swift in Sources */ = {isa = PBXBuildFile; fileRef = AA829FB2217F12A9007F889A /* AppDelegate.swift */; };
		AA829FB5217F12A9007F889A /* ViewController.swift in Sources */ = {isa = PBXBuildFile; fileRef = AA829FB4217F12A9007F889A /* ViewController.swift */; };
		AA829FB8217F12A9007F889A /* Main.storyboard in Resources */ = {isa = PBXBuildFile; fileRef = AA829FB6217F12A9007F889A /* Main.storyboard */; };
		AA829FBA217F12AB007F889A /* Assets.xcassets in Resources */ = {isa = PBXBuildFile; fileRef = AA829FB9217F12AB007F889A /* Assets.xcassets */; };
		AA829FBD217F12AB007F889A /* LaunchScreen.storyboard in Resources */ = {isa = PBXBuildFile; fileRef = AA829FBB217F12AB007F889A /* LaunchScreen.storyboard */; };
		AAC6A40A218807C10046889F /* MyShrinkingButton.swift in Sources */ = {isa = PBXBuildFile; fileRef = AAC6A409218807C10046889F /* MyShrinkingButton.swift */; };
		AADD8DF12181B50C0066DBAF /* NSMutableAttributedString+Ex.swift in Sources */ = {isa = PBXBuildFile; fileRef = AADD8DF02181B50C0066DBAF /* NSMutableAttributedString+Ex.swift */; };
/* End PBXBuildFile section */

/* Begin PBXFileReference section */
		AA829FAF217F12A9007F889A /* DemoUIButton.app */ = {isa = PBXFileReference; explicitFileType = wrapper.application; includeInIndex = 0; path = DemoUIButton.app; sourceTree = BUILT_PRODUCTS_DIR; };
		AA829FB2217F12A9007F889A /* AppDelegate.swift */ = {isa = PBXFileReference; lastKnownFileType = sourcecode.swift; path = AppDelegate.swift; sourceTree = "<group>"; };
		AA829FB4217F12A9007F889A /* ViewController.swift */ = {isa = PBXFileReference; lastKnownFileType = sourcecode.swift; path = ViewController.swift; sourceTree = "<group>"; };
		AA829FB7217F12A9007F889A /* Base */ = {isa = PBXFileReference; lastKnownFileType = file.storyboard; name = Base; path = Base.lproj/Main.storyboard; sourceTree = "<group>"; };
		AA829FB9217F12AB007F889A /* Assets.xcassets */ = {isa = PBXFileReference; lastKnownFileType = folder.assetcatalog; path = Assets.xcassets; sourceTree = "<group>"; };
		AA829FBC217F12AB007F889A /* Base */ = {isa = PBXFileReference; lastKnownFileType = file.storyboard; name = Base; path = Base.lproj/LaunchScreen.storyboard; sourceTree = "<group>"; };
		AA829FBE217F12AB007F889A /* Info.plist */ = {isa = PBXFileReference; lastKnownFileType = text.plist.xml; path = Info.plist; sourceTree = "<group>"; };
		AAC6A409218807C10046889F /* MyShrinkingButton.swift */ = {isa = PBXFileReference; lastKnownFileType = sourcecode.swift; path = MyShrinkingButton.swift; sourceTree = "<group>"; };
		AADD8DF02181B50C0066DBAF /* NSMutableAttributedString+Ex.swift */ = {isa = PBXFileReference; fileEncoding = 4; lastKnownFileType = sourcecode.swift; path = "NSMutableAttributedString+Ex.swift"; sourceTree = "<group>"; };
/* End PBXFileReference section */

/* Begin PBXFrameworksBuildPhase section */
		AA829FAC217F12A9007F889A /* Frameworks */ = {
			isa = PBXFrameworksBuildPhase;
			buildActionMask = 2147483647;
			files = (
			);
			runOnlyForDeploymentPostprocessing = 0;
		};
/* End PBXFrameworksBuildPhase section */

/* Begin PBXGroup section */
		AA829FA6217F12A9007F889A = {
			isa = PBXGroup;
			children = (
				AA829FB1217F12A9007F889A /* DemoUIButton */,
				AA829FB0217F12A9007F889A /* Products */,
			);
			sourceTree = "<group>";
		};
		AA829FB0217F12A9007F889A /* Products */ = {
			isa = PBXGroup;
			children = (
				AA829FAF217F12A9007F889A /* DemoUIButton.app */,
			);
			name = Products;
			sourceTree = "<group>";
		};
		AA829FB1217F12A9007F889A /* DemoUIButton */ = {
			isa = PBXGroup;
			children = (
				AA829FB2217F12A9007F889A /* AppDelegate.swift */,
				AADD8DF22181B5ED0066DBAF /* Extensions */,
				AA829FB4217F12A9007F889A /* ViewController.swift */,
				AAC6A409218807C10046889F /* MyShrinkingButton.swift */,
				AA829FB6217F12A9007F889A /* Main.storyboard */,
				AA829FB9217F12AB007F889A /* Assets.xcassets */,
				AA829FBB217F12AB007F889A /* LaunchScreen.storyboard */,
				AA829FBE217F12AB007F889A /* Info.plist */,
			);
			path = DemoUIButton;
			sourceTree = "<group>";
		};
		AADD8DF22181B5ED0066DBAF /* Extensions */ = {
			isa = PBXGroup;
			children = (
				AADD8DF02181B50C0066DBAF /* NSMutableAttributedString+Ex.swift */,
			);
			path = Extensions;
			sourceTree = "<group>";
		};
/* End PBXGroup section */

/* Begin PBXNativeTarget section */
		AA829FAE217F12A9007F889A /* DemoUIButton */ = {
			isa = PBXNativeTarget;
			buildConfigurationList = AA829FC1217F12AB007F889A /* Build configuration list for PBXNativeTarget "DemoUIButton" */;
			buildPhases = (
				AA829FAB217F12A9007F889A /* Sources */,
				AA829FAC217F12A9007F889A /* Frameworks */,
				AA829FAD217F12A9007F889A /* Resources */,
			);
			buildRules = (
			);
			dependencies = (
			);
			name = DemoUIButton;
			productName = DemoUIButton;
			productReference = AA829FAF217F12A9007F889A /* DemoUIButton.app */;
			productType = "com.apple.product-type.application";
		};
/* End PBXNativeTarget section */

/* Begin PBXProject section */
		AA829FA7217F12A9007F889A /* Project object */ = {
			isa = PBXProject;
			attributes = {
				LastSwiftUpdateCheck = 1000;
				LastUpgradeCheck = 1000;
				ORGANIZATIONNAME = MTQ;
				TargetAttributes = {
					AA829FAE217F12A9007F889A = {
						CreatedOnToolsVersion = 10.0;
					};
				};
			};
			buildConfigurationList = AA829FAA217F12A9007F889A /* Build configuration list for PBXProject "DemoUIButton" */;
			compatibilityVersion = "Xcode 9.3";
			developmentRegion = en;
			hasScannedForEncodings = 0;
			knownRegions = (
				en,
				Base,
			);
			mainGroup = AA829FA6217F12A9007F889A;
			productRefGroup = AA829FB0217F12A9007F889A /* Products */;
			projectDirPath = "";
			projectRoot = "";
			targets = (
				AA829FAE217F12A9007F889A /* DemoUIButton */,
			);
		};
/* End PBXProject section */

/* Begin PBXResourcesBuildPhase section */
		AA829FAD217F12A9007F889A /* Resources */ = {
			isa = PBXResourcesBuildPhase;
			buildActionMask = 2147483647;
			files = (
				AA829FBD217F12AB007F889A /* LaunchScreen.storyboard in Resources */,
				AA829FBA217F12AB007F889A /* Assets.xcassets in Resources */,
				AA829FB8217F12A9007F889A /* Main.storyboard in Resources */,
			);
			runOnlyForDeploymentPostprocessing = 0;
		};
/* End PBXResourcesBuildPhase section */

/* Begin PBXSourcesBuildPhase section */
		AA829FAB217F12A9007F889A /* Sources */ = {
			isa = PBXSourcesBuildPhase;
			buildActionMask = 2147483647;
			files = (
				AA829FB5217F12A9007F889A /* ViewController.swift in Sources */,
				AAC6A40A218807C10046889F /* MyShrinkingButton.swift in Sources */,
				AA829FB3217F12A9007F889A /* AppDelegate.swift in Sources */,
				AADD8DF12181B50C0066DBAF /* NSMutableAttributedString+Ex.swift in Sources */,
			);
			runOnlyForDeploymentPostprocessing = 0;
		};
/* End PBXSourcesBuildPhase section */

/* Begin PBXVariantGroup section */
		AA829FB6217F12A9007F889A /* Main.storyboard */ = {
			isa = PBXVariantGroup;
			children = (
				AA829FB7217F12A9007F889A /* Base */,
			);
			name = Main.storyboard;
			sourceTree = "<group>";
		};
		AA829FBB217F12AB007F889A /* LaunchScreen.storyboard */ = {
			isa = PBXVariantGroup;
			children = (
				AA829FBC217F12AB007F889A /* Base */,
			);
			name = LaunchScreen.storyboard;
			sourceTree = "<group>";
		};
/* End PBXVariantGroup section */

/* Begin XCBuildConfiguration section */
		AA829FBF217F12AB007F889A /* Debug */ = {
			isa = XCBuildConfiguration;
			buildSettings = {
				ALWAYS_SEARCH_USER_PATHS = NO;
				CLANG_ANALYZER_NONNULL = YES;
				CLANG_ANALYZER_NUMBER_OBJECT_CONVERSION = YES_AGGRESSIVE;
				CLANG_CXX_LANGUAGE_STANDARD = "gnu++14";
				CLANG_CXX_LIBRARY = "libc++";
				CLANG_ENABLE_MODULES = YES;
				CLANG_ENABLE_OBJC_ARC = YES;
				CLANG_ENABLE_OBJC_WEAK = YES;
				CLANG_WARN_BLOCK_CAPTURE_AUTORELEASING = YES;
				CLANG_WARN_BOOL_CONVERSION = YES;
				CLANG_WARN_COMMA = YES;
				CLANG_WARN_CONSTANT_CONVERSION = YES;
				CLANG_WARN_DEPRECATED_OBJC_IMPLEMENTATIONS = YES;
				CLANG_WARN_DIRECT_OBJC_ISA_USAGE = YES_ERROR;
				CLANG_WARN_DOCUMENTATION_COMMENTS = YES;
				CLANG_WARN_EMPTY_BODY = YES;
				CLANG_WARN_ENUM_CONVERSION = YES;
				CLANG_WARN_INFINITE_RECURSION = YES;
				CLANG_WARN_INT_CONVERSION = YES;
				CLANG_WARN_NON_LITERAL_NULL_CONVERSION = YES;
				CLANG_WARN_OBJC_IMPLICIT_RETAIN_SELF = YES;
				CLANG_WARN_OBJC_LITERAL_CONVERSION = YES;
				CLANG_WARN_OBJC_ROOT_CLASS = YES_ERROR;
				CLANG_WARN_RANGE_LOOP_ANALYSIS = YES;
				CLANG_WARN_STRICT_PROTOTYPES = YES;
				CLANG_WARN_SUSPICIOUS_MOVE = YES;
				CLANG_WARN_UNGUARDED_AVAILABILITY = YES_AGGRESSIVE;
				CLANG_WARN_UNREACHABLE_CODE = YES;
				CLANG_WARN__DUPLICATE_METHOD_MATCH = YES;
				CODE_SIGN_IDENTITY = "iPhone Developer";
				COPY_PHASE_STRIP = NO;
				DEBUG_INFORMATION_FORMAT = dwarf;
				ENABLE_STRICT_OBJC_MSGSEND = YES;
				ENABLE_TESTABILITY = YES;
				GCC_C_LANGUAGE_STANDARD = gnu11;
				GCC_DYNAMIC_NO_PIC = NO;
				GCC_NO_COMMON_BLOCKS = YES;
				GCC_OPTIMIZATION_LEVEL = 0;
				GCC_PREPROCESSOR_DEFINITIONS = (
					"DEBUG=1",
					"$(inherited)",
				);
				GCC_WARN_64_TO_32_BIT_CONVERSION = YES;
				GCC_WARN_ABOUT_RETURN_TYPE = YES_ERROR;
				GCC_WARN_UNDECLARED_SELECTOR = YES;
				GCC_WARN_UNINITIALIZED_AUTOS = YES_AGGRESSIVE;
				GCC_WARN_UNUSED_FUNCTION = YES;
				GCC_WARN_UNUSED_VARIABLE = YES;
				IPHONEOS_DEPLOYMENT_TARGET = 12.0;
				MTL_ENABLE_DEBUG_INFO = INCLUDE_SOURCE;
				MTL_FAST_MATH = YES;
				ONLY_ACTIVE_ARCH = YES;
				SDKROOT = iphoneos;
				SWIFT_ACTIVE_COMPILATION_CONDITIONS = DEBUG;
				SWIFT_OPTIMIZATION_LEVEL = "-Onone";
			};
			name = Debug;
		};
		AA829FC0217F12AB007F889A /* Release */ = {
			isa = XCBuildConfiguration;
			buildSettings = {
				ALWAYS_SEARCH_USER_PATHS = NO;
				CLANG_ANALYZER_NONNULL = YES;
				CLANG_ANALYZER_NUMBER_OBJECT_CONVERSION = YES_AGGRESSIVE;
				CLANG_CXX_LANGUAGE_STANDARD = "gnu++14";
				CLANG_CXX_LIBRARY = "libc++";
				CLANG_ENABLE_MODULES = YES;
				CLANG_ENABLE_OBJC_ARC = YES;
				CLANG_ENABLE_OBJC_WEAK = YES;
				CLANG_WARN_BLOCK_CAPTURE_AUTORELEASING = YES;
				CLANG_WARN_BOOL_CONVERSION = YES;
				CLANG_WARN_COMMA = YES;
				CLANG_WARN_CONSTANT_CONVERSION = YES;
				CLANG_WARN_DEPRECATED_OBJC_IMPLEMENTATIONS = YES;
				CLANG_WARN_DIRECT_OBJC_ISA_USAGE = YES_ERROR;
				CLANG_WARN_DOCUMENTATION_COMMENTS = YES;
				CLANG_WARN_EMPTY_BODY = YES;
				CLANG_WARN_ENUM_CONVERSION = YES;
				CLANG_WARN_INFINITE_RECURSION = YES;
				CLANG_WARN_INT_CONVERSION = YES;
				CLANG_WARN_NON_LITERAL_NULL_CONVERSION = YES;
				CLANG_WARN_OBJC_IMPLICIT_RETAIN_SELF = YES;
				CLANG_WARN_OBJC_LITERAL_CONVERSION = YES;
				CLANG_WARN_OBJC_ROOT_CLASS = YES_ERROR;
				CLANG_WARN_RANGE_LOOP_ANALYSIS = YES;
				CLANG_WARN_STRICT_PROTOTYPES = YES;
				CLANG_WARN_SUSPICIOUS_MOVE = YES;
				CLANG_WARN_UNGUARDED_AVAILABILITY = YES_AGGRESSIVE;
				CLANG_WARN_UNREACHABLE_CODE = YES;
				CLANG_WARN__DUPLICATE_METHOD_MATCH = YES;
				CODE_SIGN_IDENTITY = "iPhone Developer";
				COPY_PHASE_STRIP = NO;
				DEBUG_INFORMATION_FORMAT = "dwarf-with-dsym";
				ENABLE_NS_ASSERTIONS = NO;
				ENABLE_STRICT_OBJC_MSGSEND = YES;
				GCC_C_LANGUAGE_STANDARD = gnu11;
				GCC_NO_COMMON_BLOCKS = YES;
				GCC_WARN_64_TO_32_BIT_CONVERSION = YES;
				GCC_WARN_ABOUT_RETURN_TYPE = YES_ERROR;
				GCC_WARN_UNDECLARED_SELECTOR = YES;
				GCC_WARN_UNINITIALIZED_AUTOS = YES_AGGRESSIVE;
				GCC_WARN_UNUSED_FUNCTION = YES;
				GCC_WARN_UNUSED_VARIABLE = YES;
				IPHONEOS_DEPLOYMENT_TARGET = 12.0;
				MTL_ENABLE_DEBUG_INFO = NO;
				MTL_FAST_MATH = YES;
				SDKROOT = iphoneos;
				SWIFT_COMPILATION_MODE = wholemodule;
				SWIFT_OPTIMIZATION_LEVEL = "-O";
				VALIDATE_PRODUCT = YES;
			};
			name = Release;
		};
		AA829FC2217F12AB007F889A /* Debug */ = {
			isa = XCBuildConfiguration;
			buildSettings = {
				ASSETCATALOG_COMPILER_APPICON_NAME = AppIcon;
				CODE_SIGN_STYLE = Automatic;
				DEVELOPMENT_TEAM = Z7YWS97UKQ;
				INFOPLIST_FILE = DemoUIButton/Info.plist;
				IPHONEOS_DEPLOYMENT_TARGET = 11.1;
				LD_RUNPATH_SEARCH_PATHS = (
					"$(inherited)",
					"@executable_path/Frameworks",
				);
				PRODUCT_BUNDLE_IDENTIFIER = vn.com.DemoUIButton;
				PRODUCT_NAME = "$(TARGET_NAME)";
				SWIFT_VERSION = 4.2;
				TARGETED_DEVICE_FAMILY = "1,2";
			};
			name = Debug;
		};
		AA829FC3217F12AB007F889A /* Release */ = {
			isa = XCBuildConfiguration;
			buildSettings = {
				ASSETCATALOG_COMPILER_APPICON_NAME = AppIcon;
				CODE_SIGN_STYLE = Automatic;
				DEVELOPMENT_TEAM = Z7YWS97UKQ;
				INFOPLIST_FILE = DemoUIButton/Info.plist;
				IPHONEOS_DEPLOYMENT_TARGET = 11.1;
				LD_RUNPATH_SEARCH_PATHS = (
					"$(inherited)",
					"@executable_path/Frameworks",
				);
				PRODUCT_BUNDLE_IDENTIFIER = vn.com.DemoUIButton;
				PRODUCT_NAME = "$(TARGET_NAME)";
				SWIFT_VERSION = 4.2;
				TARGETED_DEVICE_FAMILY = "1,2";
			};
			name = Release;
		};
/* End XCBuildConfiguration section */

/* Begin XCConfigurationList section */
		AA829FAA217F12A9007F889A /* Build configuration list for PBXProject "DemoUIButton" */ = {
			isa = XCConfigurationList;
			buildConfigurations = (
				AA829FBF217F12AB007F889A /* Debug */,
				AA829FC0217F12AB007F889A /* Release */,
			);
			defaultConfigurationIsVisible = 0;
			defaultConfigurationName = Release;
		};
		AA829FC1217F12AB007F889A /* Build configuration list for PBXNativeTarget "DemoUIButton" */ = {
			isa = XCConfigurationList;
			buildConfigurations = (
				AA829FC2217F12AB007F889A /* Debug */,
				AA829FC3217F12AB007F889A /* Release */,
			);
			defaultConfigurationIsVisible = 0;
			defaultConfigurationName = Release;
		};
/* End XCConfigurationList section */
	};
	rootObject = AA829FA7217F12A9007F889A /* Project object */;
}
